
Microsoft Visual Studio Solution File, Format Version 12.00
# Visual Studio 15
VisualStudioVersion = 15.0.28307.1927
MinimumVisualStudioVersion = 10.0.40219.1
Project("{D2ABAB84-BF74-430A-B69E-9DC6D40DDA17}") = "TPI-BI_CUBO", "TPI-BI_CUBO\TPI-BI_CUBO.dwproj", "{5600C822-24E2-4876-8F71-73D7A4E22482}"
EndProject
Global
	GlobalSection(SolutionConfigurationPlatforms) = preSolution
		Development|Default = Development|Default
	EndGlobalSection
	GlobalSection(ProjectConfigurationPlatforms) = postSolution
		{5600C822-24E2-4876-8F71-73D7A4E22482}.Development|Default.ActiveCfg = Development
		{5600C822-24E2-4876-8F71-73D7A4E22482}.Development|Default.Build.0 = Development
		{5600C822-24E2-4876-8F71-73D7A4E22482}.Development|Default.Deploy.0 = Development
	EndGlobalSection
	GlobalSection(SolutionProperties) = preSolution
		HideSolutionNode = FALSE
	EndGlobalSection
	GlobalSection(ExtensibilityGlobals) = postSolution
		SolutionGuid = {8D72510C-92E3-43E3-B72E-0A8F0D88047E}
	EndGlobalSection
EndGlobal
